
Microsoft Visual Studio Solution File, Format Version 12.00
# Visual Studio Version 16
VisualStudioVersion = 16.0.31702.278
MinimumVisualStudioVersion = 10.0.40219.1
Project("{FAE04EC0-301F-11D3-BF4B-00C04F79EFBC}") = "Factorial", "Factorial\Factorial.csproj", "{6A4F4CE0-544C-406F-95B6-24A96FABD1A6}"
EndProject
Project("{FAE04EC0-301F-11D3-BF4B-00C04F79EFBC}") = "UnitTests", "UnitTests\UnitTests.csproj", "{D0D736D7-7A5B-4BA4-821B-216975256F47}"
EndProject
Global
	GlobalSection(SolutionConfigurationPlatforms) = preSolution
		Debug|Any CPU = Debug|Any CPU
		Release|Any CPU = Release|Any CPU
	EndGlobalSection
	GlobalSection(ProjectConfigurationPlatforms) = postSolution
		{6A4F4CE0-544C-406F-95B6-24A96FABD1A6}.Debug|Any CPU.ActiveCfg = Debug|Any CPU
		{6A4F4CE0-544C-406F-95B6-24A96FABD1A6}.Debug|Any CPU.Build.0 = Debug|Any CPU
		{6A4F4CE0-544C-406F-95B6-24A96FABD1A6}.Release|Any CPU.ActiveCfg = Release|Any CPU
		{6A4F4CE0-544C-406F-95B6-24A96FABD1A6}.Release|Any CPU.Build.0 = Release|Any CPU
		{D0D736D7-7A5B-4BA4-821B-216975256F47}.Debug|Any CPU.ActiveCfg = Debug|Any CPU
		{D0D736D7-7A5B-4BA4-821B-216975256F47}.Debug|Any CPU.Build.0 = Debug|Any CPU
		{D0D736D7-7A5B-4BA4-821B-216975256F47}.Release|Any CPU.ActiveCfg = Release|Any CPU
		{D0D736D7-7A5B-4BA4-821B-216975256F47}.Release|Any CPU.Build.0 = Release|Any CPU
	EndGlobalSection
	GlobalSection(SolutionProperties) = preSolution
		HideSolutionNode = FALSE
	EndGlobalSection
	GlobalSection(ExtensibilityGlobals) = postSolution
		SolutionGuid = {5D10F1F8-750E-4573-B8EC-4BF2E13AA990}
	EndGlobalSection
EndGlobal
